
Microsoft Visual Studio Solution File, Format Version 12.00
# Visual Studio Version 17
VisualStudioVersion = 17.3.32825.248
MinimumVisualStudioVersion = 10.0.40219.1
Project("{FAE04EC0-301F-11D3-BF4B-00C04F79EFBC}") = "Prac", "Prac\Prac.csproj", "{EAACF340-5FB1-436B-84D6-CD7D5BB656FC}"
EndProject
Global
	GlobalSection(SolutionConfigurationPlatforms) = preSolution
		Debug|Any CPU = Debug|Any CPU
		Release|Any CPU = Release|Any CPU
	EndGlobalSection
	GlobalSection(ProjectConfigurationPlatforms) = postSolution
		{EAACF340-5FB1-436B-84D6-CD7D5BB656FC}.Debug|Any CPU.ActiveCfg = Debug|Any CPU
		{EAACF340-5FB1-436B-84D6-CD7D5BB656FC}.Debug|Any CPU.Build.0 = Debug|Any CPU
		{EAACF340-5FB1-436B-84D6-CD7D5BB656FC}.Release|Any CPU.ActiveCfg = Release|Any CPU
		{EAACF340-5FB1-436B-84D6-CD7D5BB656FC}.Release|Any CPU.Build.0 = Release|Any CPU
	EndGlobalSection
	GlobalSection(SolutionProperties) = preSolution
		HideSolutionNode = FALSE
	EndGlobalSection
	GlobalSection(ExtensibilityGlobals) = postSolution
		SolutionGuid = {32B8F05E-4C1E-440E-8D43-9028F2F39773}
	EndGlobalSection
EndGlobal
